
Microsoft Visual Studio Solution File, Format Version 12.00
# Visual Studio Version 17
VisualStudioVersion = 17.7.34221.43
MinimumVisualStudioVersion = 10.0.40219.1
Project("{FAE04EC0-301F-11D3-BF4B-00C04F79EFBC}") = "BasicCSharpAssignment", "BasicCSharpAssignment\BasicCSharpAssignment.csproj", "{54D64431-32B0-4510-9B4C-D6BA58874E85}"
EndProject
Global
	GlobalSection(SolutionConfigurationPlatforms) = preSolution
		Debug|Any CPU = Debug|Any CPU
		Release|Any CPU = Release|Any CPU
	EndGlobalSection
	GlobalSection(ProjectConfigurationPlatforms) = postSolution
		{54D64431-32B0-4510-9B4C-D6BA58874E85}.Debug|Any CPU.ActiveCfg = Debug|Any CPU
		{54D64431-32B0-4510-9B4C-D6BA58874E85}.Debug|Any CPU.Build.0 = Debug|Any CPU
		{54D64431-32B0-4510-9B4C-D6BA58874E85}.Release|Any CPU.ActiveCfg = Release|Any CPU
		{54D64431-32B0-4510-9B4C-D6BA58874E85}.Release|Any CPU.Build.0 = Release|Any CPU
	EndGlobalSection
	GlobalSection(SolutionProperties) = preSolution
		HideSolutionNode = FALSE
	EndGlobalSection
	GlobalSection(ExtensibilityGlobals) = postSolution
		SolutionGuid = {117B2014-D48D-408B-B172-5ADE8952705B}
	EndGlobalSection
EndGlobal
